{
  "name": "NPL spanish",
  "version": "1.0.0",
  "lockfileVersion": 1,
  "requires": true,
  "dependencies": {
    "paralleljs": {
      "version": "0.2.1",
      "resolved": "https://registry.npmjs.org/paralleljs/-/paralleljs-0.2.1.tgz",
      "integrity": "sha1-68p0XT4JwB4r68wUhYiR/0UQ6SY="
    }
  }
}
